github.com/davecgh/go-spew v1.1.1 h1:vj9j/u1bqnvCEfJOwUhtlOARqs3+rkHYY13jYWTU97c=
github.com/davecgh/go-spew v1.1.1/go.mod h1:J7Y8YcW2NihsgmVo/mv3lAwl/skON4iLHjSsI+c5H38=
github.com/go-sql-driver/mysql v1.7.1 h1:lUIinVbN1DY0xBg0eMOzmmtGoHwWBbvnWubQUrtU8EI=
github.com/go-sql-driver/mysql v1.7.1/go.mod h1:OXbVy3sEdcQ2Doequ6Z5BW6fXNQTmx+9S1MCJN5yJMI=
github.com/golang-infrastructure/go-goroutine-id v0.0.0-20230331174358-98b48a64077b h1:kt3zNiijgkfPm47YaL4MaQJkw0T7ukEEttnCQMOcWxo=
github.com/golang-infrastructure/go-goroutine-id v0.0.0-20230331174358-98b48a64077b/go.mod h1:1L+eneS0HXUlZP0tmESGhlmpJ3hl063JGz6UQaJCmY0=
github.com/golang-infrastructure/go-iterator v0.0.0-20230524171120-56988a9b127c h1:h4321AFRVv5rTKcColUjE5pa+Y1exG1e6aEXn43L/Eg=
github.com/golang-infrastructure/go-iterator v0.0.0-20230524171120-56988a9b127c/go.mod h1:Guf14ZZ7f7qiE0YpZbUkICcm7LWc3nrn3/gDObT//WI=
github.com/golang-infrastructure/go-pointer v0.0.5 h1:wzZ/XnXKzD3DWECTnUpUh+xAlGSWqfn/pQyusPNsqrQ=
github.com/golang-infrastructure/go-pointer v0.0.5/go.mod h1:SBP0/8QH+mr8LGP/tDo28EQ2b45WqfzjXYbPjmK88g8=
github.com/golang-infrastructure/go-reflect-utils v0.0.0-20221130143747-965ef2eb09c3 h1:jJ7AdpNdLQudsx1hiXY9iwmauHARV4/UB52KnBh9Se0=
github.com/golang-infrastructure/go-reflect-utils v0.0.0-20221130143747-965ef2eb09c3/go.mod h1:zqXYxqOBa1mL2ilBK6PuH/Wb/Iego7en6XhiKWdZQHI=
github.com/google/uuid v1.3.0 h1:t6JiXgmwXMjEs8VusXIJk2BXHsn+wx8BZdTaoZ5fu7I=
github.com/google/uuid v1.3.0/go.mod h1:TIyPZe4MgqvfeYDBFedMoGGpEw/LqOeaOT+nhxU+yHo=
github.com/kr/pretty v0.3.1 h1:flRD4NNwYAUpkphVc1HcthR4KEIFJ65n8Mw5qdRn3LE=
github.com/kr/text v0.2.0 h1:5Nx0Ya0ZqY2ygV366QzturHI13Jq95ApcVaJBhpS+AY=
github.com/pmezard/go-difflib v1.0.0 h1:4DBwDE0NGyQoBHbLQYPwSUPoCMWR5BEzIk/f1lZbAQM=
github.com/pmezard/go-difflib v1.0.0/go.mod h1:iKH77koFhYxTK1pcRnkKkqfTogsbg7gZNVY4sRDYZ/4=
github.com/rogpeppe/go-internal v1.10.0 h1:TMyTOH3F/DB16zRVcYyreMH6GnZZrwQVAoYjRBZyWFQ=
github.com/storage-lock/go-events v0.0.1 h1:8abGhlhmJGzn8Pq/LjAbPfAyGs70ZNjwoc7/OITMmUg=
github.com/storage-lock/go-events v0.0.1/go.mod h1:DKwPgfuq8T8CyPLipH+0XHsNt8hEN4g9krUGfosU2oY=
github.com/storage-lock/go-storage v0.0.1 h1:BmIoykW2elNnw5EircFroo353YoIudLXO6LhOuk3xYs=
github.com/storage-lock/go-storage v0.0.1/go.mod h1:tfqgPpnU+NQrcor2WQL4XIbhux4vfue9XzT9ETTd5Ig=
github.com/storage-lock/go-storage-events v0.0.1 h1:NIwf0u8HEzY6Azw2wukvMQLglN5r4xPS/AcjUJiZ1qc=
github.com/storage-lock/go-storage-events v0.0.1/go.mod h1:Ph6p2Nbi5VuB0aGRRIBNkn5G3xvSyhZIEqhRf3gc12Y=
github.com/storage-lock/go-storage-lock v0.0.1 h1:60lvEHQkSqbn0kJY930ZyaygHRz8aIbxHWNSST32ctg=
github.com/storage-lock/go-storage-lock v0.0.1/go.mod h1:SVAbvdYubsZHm8/MgPHKjsHuKLSERB00+clT/QLzoMM=
github.com/storage-lock/go-storage-test-helper v0.0.1 h1:GxCCHIlLuQuPWXzX+Uow+BmKy5P94JkQaSEzcA5A4n0=
github.com/storage-lock/go-storage-test-helper v0.0.1/go.mod h1:XgwQ2cn8NQTW1VfE1XmQjwFuKlqUWJbumK5av7mH5h0=
github.com/storage-lock/go-utils v0.0.2 h1:pdacTOlD+AHqwWVmDqZLcjKF+7p8TjsmlvZ9bmmkIfE=
github.com/storage-lock/go-utils v0.0.2/go.mod h1:tx8ATHL7yOC0Nyjpba7hJNk0+QNt2XEnMr8NcGm9Gak=
github.com/stretchr/testify v1.8.4 h1:CcVxjf3Q8PM0mHUKJCdn+eZZtm5yQwehR5yeSVQQcUk=
github.com/stretchr/testify v1.8.4/go.mod h1:sz/lmYIOXD/1dqDmKjjqLyZ2RngseejIcXlSw2iwfAo=
gopkg.in/check.v1 v0.0.0-20161208181325-20d25e280405/go.mod h1:Co6ibVJAznAaIkqp8huTwlJQCZ016jof/cbN4VW5Yz0=
gopkg.in/check.v1 v1.0.0-20201130134442-10cb98267c6c h1:Hei/4ADfdWqJk1ZMxUNpqntNwaWcugrBjAiHlqqRiVk=
gopkg.in/yaml.v3 v3.0.1 h1:fxVm/GzAzEWqLHuvctI91KS9hhNmmWOoWu0XTYJS7CA=
gopkg.in/yaml.v3 v3.0.1/go.mod h1:K4uyk7z7BCEPqu6E+C64Yfv1cQ7kz7rIZviUmN+EgEM=
